
Microsoft Visual Studio Solution File, Format Version 12.00
# Visual Studio 14
VisualStudioVersion = 14.0.25420.1
MinimumVisualStudioVersion = 10.0.40219.1
Project("{FAE04EC0-301F-11D3-BF4B-00C04F79EFBC}") = "Droid", "Droid\Droid.csproj", "{A3380067-9A6B-4F6E-A2A6-89EA19EB6F46}"
EndProject
Project("{FAE04EC0-301F-11D3-BF4B-00C04F79EFBC}") = "UWP", "UWP\UWP.csproj", "{E844B5C6-1ED8-47FB-AE07-E5A7B5FBEB30}"
EndProject
Project("{D954291E-2A0B-460D-934E-DC6B0785DB48}") = "Shared", "Shared\Shared.shproj", "{B8D85931-22FA-478E-8AE6-E7841C9C5342}"
EndProject
Project("{FAE04EC0-301F-11D3-BF4B-00C04F79EFBC}") = "UnitTest.Droid", "UnitTest\UnitTest.Droid\UnitTest.Droid.csproj", "{8AA5A4F9-4E85-4457-8114-7E589116AA4A}"
EndProject
Project("{FAE04EC0-301F-11D3-BF4B-00C04F79EFBC}") = "UnitTest.UWP", "UnitTest\UnitTest.UWP\UnitTest.UWP.csproj", "{74058B3E-938C-49AA-A64E-05FC8ECC5D0C}"
EndProject
Project("{D954291E-2A0B-460D-934E-DC6B0785DB48}") = "UnitTest", "UnitTest\UnitTest\UnitTest.shproj", "{3464B7B3-DF98-4A76-8381-CA6A00575BDE}"
EndProject
Project("{FAE04EC0-301F-11D3-BF4B-00C04F79EFBC}") = "iOS", "iOS\iOS.csproj", "{C3264FA7-E6DC-4F9B-ABD9-B8AFEB4D8906}"
EndProject
Project("{FAE04EC0-301F-11D3-BF4B-00C04F79EFBC}") = "UnitTest.iOS", "UnitTest.iOS\UnitTest.iOS.csproj", "{12F57E3A-6AC5-4B88-B19A-252F200E6CCC}"
EndProject
Global
	GlobalSection(SharedMSBuildProjectFiles) = preSolution
		UnitTest\UnitTest\UnitTest.projitems*{12f57e3a-6ac5-4b88-b19a-252f200e6ccc}*SharedItemsImports = 4
		UnitTest\UnitTest\UnitTest.projitems*{3464b7b3-df98-4a76-8381-ca6a00575bde}*SharedItemsImports = 13
		UnitTest\UnitTest\UnitTest.projitems*{74058b3e-938c-49aa-a64e-05fc8ecc5d0c}*SharedItemsImports = 4
		UnitTest\UnitTest\UnitTest.projitems*{8aa5a4f9-4e85-4457-8114-7e589116aa4a}*SharedItemsImports = 4
		Shared\Shared.projitems*{a3380067-9a6b-4f6e-a2a6-89ea19eb6f46}*SharedItemsImports = 4
		Shared\Shared.projitems*{b8d85931-22fa-478e-8ae6-e7841c9c5342}*SharedItemsImports = 13
		Shared\Shared.projitems*{c3264fa7-e6dc-4f9b-abd9-b8afeb4d8906}*SharedItemsImports = 4
		Shared\Shared.projitems*{e844b5c6-1ed8-47fb-ae07-e5a7b5fbeb30}*SharedItemsImports = 4
	EndGlobalSection
	GlobalSection(SolutionConfigurationPlatforms) = preSolution
		Ad-Hoc|Any CPU = Ad-Hoc|Any CPU
		Ad-Hoc|ARM = Ad-Hoc|ARM
		Ad-Hoc|iPhone = Ad-Hoc|iPhone
		Ad-Hoc|iPhoneSimulator = Ad-Hoc|iPhoneSimulator
		Ad-Hoc|x64 = Ad-Hoc|x64
		Ad-Hoc|x86 = Ad-Hoc|x86
		AppStore|Any CPU = AppStore|Any CPU
		AppStore|ARM = AppStore|ARM
		AppStore|iPhone = AppStore|iPhone
		AppStore|iPhoneSimulator = AppStore|iPhoneSimulator
		AppStore|x64 = AppStore|x64
		AppStore|x86 = AppStore|x86
		Debug|Any CPU = Debug|Any CPU
		Debug|ARM = Debug|ARM
		Debug|iPhone = Debug|iPhone
		Debug|iPhoneSimulator = Debug|iPhoneSimulator
		Debug|x64 = Debug|x64
		Debug|x86 = Debug|x86
		Release|Any CPU = Release|Any CPU
		Release|ARM = Release|ARM
		Release|iPhone = Release|iPhone
		Release|iPhoneSimulator = Release|iPhoneSimulator
		Release|x64 = Release|x64
		Release|x86 = Release|x86
	EndGlobalSection
	GlobalSection(ProjectConfigurationPlatforms) = postSolution
		{A3380067-9A6B-4F6E-A2A6-89EA19EB6F46}.Ad-Hoc|Any CPU.ActiveCfg = Release|Any CPU
		{A3380067-9A6B-4F6E-A2A6-89EA19EB6F46}.Ad-Hoc|Any CPU.Build.0 = Release|Any CPU
		{A3380067-9A6B-4F6E-A2A6-89EA19EB6F46}.Ad-Hoc|ARM.ActiveCfg = Release|Any CPU
		{A3380067-9A6B-4F6E-A2A6-89EA19EB6F46}.Ad-Hoc|ARM.Build.0 = Release|Any CPU
		{A3380067-9A6B-4F6E-A2A6-89EA19EB6F46}.Ad-Hoc|iPhone.ActiveCfg = Release|Any CPU
		{A3380067-9A6B-4F6E-A2A6-89EA19EB6F46}.Ad-Hoc|iPhone.Build.0 = Release|Any CPU
		{A3380067-9A6B-4F6E-A2A6-89EA19EB6F46}.Ad-Hoc|iPhoneSimulator.ActiveCfg = Release|Any CPU
		{A3380067-9A6B-4F6E-A2A6-89EA19EB6F46}.Ad-Hoc|iPhoneSimulator.Build.0 = Release|Any CPU
		{A3380067-9A6B-4F6E-A2A6-89EA19EB6F46}.Ad-Hoc|x64.ActiveCfg = Release|Any CPU
		{A3380067-9A6B-4F6E-A2A6-89EA19EB6F46}.Ad-Hoc|x64.Build.0 = Release|Any CPU
		{A3380067-9A6B-4F6E-A2A6-89EA19EB6F46}.Ad-Hoc|x86.ActiveCfg = Release|Any CPU
		{A3380067-9A6B-4F6E-A2A6-89EA19EB6F46}.Ad-Hoc|x86.Build.0 = Release|Any CPU
		{A3380067-9A6B-4F6E-A2A6-89EA19EB6F46}.AppStore|Any CPU.ActiveCfg = Release|Any CPU
		{A3380067-9A6B-4F6E-A2A6-89EA19EB6F46}.AppStore|Any CPU.Build.0 = Release|Any CPU
		{A3380067-9A6B-4F6E-A2A6-89EA19EB6F46}.AppStore|ARM.ActiveCfg = Release|Any CPU
		{A3380067-9A6B-4F6E-A2A6-89EA19EB6F46}.AppStore|ARM.Build.0 = Release|Any CPU
		{A3380067-9A6B-4F6E-A2A6-89EA19EB6F46}.AppStore|iPhone.ActiveCfg = Release|Any CPU
		{A3380067-9A6B-4F6E-A2A6-89EA19EB6F46}.AppStore|iPhone.Build.0 = Release|Any CPU
		{A3380067-9A6B-4F6E-A2A6-89EA19EB6F46}.AppStore|iPhoneSimulator.ActiveCfg = Release|Any CPU
		{A3380067-9A6B-4F6E-A2A6-89EA19EB6F46}.AppStore|iPhoneSimulator.Build.0 = Release|Any CPU
		{A3380067-9A6B-4F6E-A2A6-89EA19EB6F46}.AppStore|x64.ActiveCfg = Release|Any CPU
		{A3380067-9A6B-4F6E-A2A6-89EA19EB6F46}.AppStore|x64.Build.0 = Release|Any CPU
		{A3380067-9A6B-4F6E-A2A6-89EA19EB6F46}.AppStore|x86.ActiveCfg = Release|Any CPU
		{A3380067-9A6B-4F6E-A2A6-89EA19EB6F46}.AppStore|x86.Build.0 = Release|Any CPU
		{A3380067-9A6B-4F6E-A2A6-89EA19EB6F46}.Debug|Any CPU.ActiveCfg = Debug|Any CPU
		{A3380067-9A6B-4F6E-A2A6-89EA19EB6F46}.Debug|Any CPU.Build.0 = Debug|Any CPU
		{A3380067-9A6B-4F6E-A2A6-89EA19EB6F46}.Debug|ARM.ActiveCfg = Debug|Any CPU
		{A3380067-9A6B-4F6E-A2A6-89EA19EB6F46}.Debug|ARM.Build.0 = Debug|Any CPU
		{A3380067-9A6B-4F6E-A2A6-89EA19EB6F46}.Debug|iPhone.ActiveCfg = Debug|Any CPU
		{A3380067-9A6B-4F6E-A2A6-89EA19EB6F46}.Debug|iPhone.Build.0 = Debug|Any CPU
		{A3380067-9A6B-4F6E-A2A6-89EA19EB6F46}.Debug|iPhoneSimulator.ActiveCfg = Debug|Any CPU
		{A3380067-9A6B-4F6E-A2A6-89EA19EB6F46}.Debug|iPhoneSimulator.Build.0 = Debug|Any CPU
		{A3380067-9A6B-4F6E-A2A6-89EA19EB6F46}.Debug|x64.ActiveCfg = Debug|Any CPU
		{A3380067-9A6B-4F6E-A2A6-89EA19EB6F46}.Debug|x64.Build.0 = Debug|Any CPU
		{A3380067-9A6B-4F6E-A2A6-89EA19EB6F46}.Debug|x86.ActiveCfg = Debug|Any CPU
		{A3380067-9A6B-4F6E-A2A6-89EA19EB6F46}.Debug|x86.Build.0 = Debug|Any CPU
		{A3380067-9A6B-4F6E-A2A6-89EA19EB6F46}.Release|Any CPU.ActiveCfg = Release|Any CPU
		{A3380067-9A6B-4F6E-A2A6-89EA19EB6F46}.Release|Any CPU.Build.0 = Release|Any CPU
		{A3380067-9A6B-4F6E-A2A6-89EA19EB6F46}.Release|ARM.ActiveCfg = Release|Any CPU
		{A3380067-9A6B-4F6E-A2A6-89EA19EB6F46}.Release|ARM.Build.0 = Release|Any CPU
		{A3380067-9A6B-4F6E-A2A6-89EA19EB6F46}.Release|iPhone.ActiveCfg = Release|Any CPU
		{A3380067-9A6B-4F6E-A2A6-89EA19EB6F46}.Release|iPhone.Build.0 = Release|Any CPU
		{A3380067-9A6B-4F6E-A2A6-89EA19EB6F46}.Release|iPhoneSimulator.ActiveCfg = Release|Any CPU
		{A3380067-9A6B-4F6E-A2A6-89EA19EB6F46}.Release|iPhoneSimulator.Build.0 = Release|Any CPU
		{A3380067-9A6B-4F6E-A2A6-89EA19EB6F46}.Release|x64.ActiveCfg = Release|Any CPU
		{A3380067-9A6B-4F6E-A2A6-89EA19EB6F46}.Release|x64.Build.0 = Release|Any CPU
		{A3380067-9A6B-4F6E-A2A6-89EA19EB6F46}.Release|x86.ActiveCfg = Release|Any CPU
		{A3380067-9A6B-4F6E-A2A6-89EA19EB6F46}.Release|x86.Build.0 = Release|Any CPU
		{E844B5C6-1ED8-47FB-AE07-E5A7B5FBEB30}.Ad-Hoc|Any CPU.ActiveCfg = Release|Any CPU
		{E844B5C6-1ED8-47FB-AE07-E5A7B5FBEB30}.Ad-Hoc|Any CPU.Build.0 = Release|Any CPU
		{E844B5C6-1ED8-47FB-AE07-E5A7B5FBEB30}.Ad-Hoc|ARM.ActiveCfg = Release|ARM
		{E844B5C6-1ED8-47FB-AE07-E5A7B5FBEB30}.Ad-Hoc|ARM.Build.0 = Release|ARM
		{E844B5C6-1ED8-47FB-AE07-E5A7B5FBEB30}.Ad-Hoc|iPhone.ActiveCfg = Release|Any CPU
		{E844B5C6-1ED8-47FB-AE07-E5A7B5FBEB30}.Ad-Hoc|iPhone.Build.0 = Release|Any CPU
		{E844B5C6-1ED8-47FB-AE07-E5A7B5FBEB30}.Ad-Hoc|iPhoneSimulator.ActiveCfg = Release|Any CPU
		{E844B5C6-1ED8-47FB-AE07-E5A7B5FBEB30}.Ad-Hoc|iPhoneSimulator.Build.0 = Release|Any CPU
		{E844B5C6-1ED8-47FB-AE07-E5A7B5FBEB30}.Ad-Hoc|x64.ActiveCfg = Release|x64
		{E844B5C6-1ED8-47FB-AE07-E5A7B5FBEB30}.Ad-Hoc|x64.Build.0 = Release|x64
		{E844B5C6-1ED8-47FB-AE07-E5A7B5FBEB30}.Ad-Hoc|x86.ActiveCfg = Release|x86
		{E844B5C6-1ED8-47FB-AE07-E5A7B5FBEB30}.Ad-Hoc|x86.Build.0 = Release|x86
		{E844B5C6-1ED8-47FB-AE07-E5A7B5FBEB30}.AppStore|Any CPU.ActiveCfg = Release|Any CPU
		{E844B5C6-1ED8-47FB-AE07-E5A7B5FBEB30}.AppStore|Any CPU.Build.0 = Release|Any CPU
		{E844B5C6-1ED8-47FB-AE07-E5A7B5FBEB30}.AppStore|ARM.ActiveCfg = Release|ARM
		{E844B5C6-1ED8-47FB-AE07-E5A7B5FBEB30}.AppStore|ARM.Build.0 = Release|ARM
		{E844B5C6-1ED8-47FB-AE07-E5A7B5FBEB30}.AppStore|iPhone.ActiveCfg = Release|Any CPU
		{E844B5C6-1ED8-47FB-AE07-E5A7B5FBEB30}.AppStore|iPhone.Build.0 = Release|Any CPU
		{E844B5C6-1ED8-47FB-AE07-E5A7B5FBEB30}.AppStore|iPhoneSimulator.ActiveCfg = Release|Any CPU
		{E844B5C6-1ED8-47FB-AE07-E5A7B5FBEB30}.AppStore|iPhoneSimulator.Build.0 = Release|Any CPU
		{E844B5C6-1ED8-47FB-AE07-E5A7B5FBEB30}.AppStore|x64.ActiveCfg = Release|x64
		{E844B5C6-1ED8-47FB-AE07-E5A7B5FBEB30}.AppStore|x64.Build.0 = Release|x64
		{E844B5C6-1ED8-47FB-AE07-E5A7B5FBEB30}.AppStore|x86.ActiveCfg = Release|x86
		{E844B5C6-1ED8-47FB-AE07-E5A7B5FBEB30}.AppStore|x86.Build.0 = Release|x86
		{E844B5C6-1ED8-47FB-AE07-E5A7B5FBEB30}.Debug|Any CPU.ActiveCfg = Debug|Any CPU
		{E844B5C6-1ED8-47FB-AE07-E5A7B5FBEB30}.Debug|Any CPU.Build.0 = Debug|Any CPU
		{E844B5C6-1ED8-47FB-AE07-E5A7B5FBEB30}.Debug|ARM.ActiveCfg = Debug|ARM
		{E844B5C6-1ED8-47FB-AE07-E5A7B5FBEB30}.Debug|ARM.Build.0 = Debug|ARM
		{E844B5C6-1ED8-47FB-AE07-E5A7B5FBEB30}.Debug|iPhone.ActiveCfg = Debug|Any CPU
		{E844B5C6-1ED8-47FB-AE07-E5A7B5FBEB30}.Debug|iPhone.Build.0 = Debug|Any CPU
		{E844B5C6-1ED8-47FB-AE07-E5A7B5FBEB30}.Debug|iPhoneSimulator.ActiveCfg = Debug|Any CPU
		{E844B5C6-1ED8-47FB-AE07-E5A7B5FBEB30}.Debug|iPhoneSimulator.Build.0 = Debug|Any CPU
		{E844B5C6-1ED8-47FB-AE07-E5A7B5FBEB30}.Debug|x64.ActiveCfg = Debug|x64
		{E844B5C6-1ED8-47FB-AE07-E5A7B5FBEB30}.Debug|x64.Build.0 = Debug|x64
		{E844B5C6-1ED8-47FB-AE07-E5A7B5FBEB30}.Debug|x86.ActiveCfg = Debug|x86
		{E844B5C6-1ED8-47FB-AE07-E5A7B5FBEB30}.Debug|x86.Build.0 = Debug|x86
		{E844B5C6-1ED8-47FB-AE07-E5A7B5FBEB30}.Release|Any CPU.ActiveCfg = Release|Any CPU
		{E844B5C6-1ED8-47FB-AE07-E5A7B5FBEB30}.Release|Any CPU.Build.0 = Release|Any CPU
		{E844B5C6-1ED8-47FB-AE07-E5A7B5FBEB30}.Release|ARM.ActiveCfg = Release|ARM
		{E844B5C6-1ED8-47FB-AE07-E5A7B5FBEB30}.Release|ARM.Build.0 = Release|ARM
		{E844B5C6-1ED8-47FB-AE07-E5A7B5FBEB30}.Release|iPhone.ActiveCfg = Release|Any CPU
		{E844B5C6-1ED8-47FB-AE07-E5A7B5FBEB30}.Release|iPhone.Build.0 = Release|Any CPU
		{E844B5C6-1ED8-47FB-AE07-E5A7B5FBEB30}.Release|iPhoneSimulator.ActiveCfg = Release|Any CPU
		{E844B5C6-1ED8-47FB-AE07-E5A7B5FBEB30}.Release|iPhoneSimulator.Build.0 = Release|Any CPU
		{E844B5C6-1ED8-47FB-AE07-E5A7B5FBEB30}.Release|x64.ActiveCfg = Release|x64
		{E844B5C6-1ED8-47FB-AE07-E5A7B5FBEB30}.Release|x64.Build.0 = Release|x64
		{E844B5C6-1ED8-47FB-AE07-E5A7B5FBEB30}.Release|x86.ActiveCfg = Release|x86
		{E844B5C6-1ED8-47FB-AE07-E5A7B5FBEB30}.Release|x86.Build.0 = Release|x86
		{8AA5A4F9-4E85-4457-8114-7E589116AA4A}.Ad-Hoc|Any CPU.ActiveCfg = Release|Any CPU
		{8AA5A4F9-4E85-4457-8114-7E589116AA4A}.Ad-Hoc|Any CPU.Build.0 = Release|Any CPU
		{8AA5A4F9-4E85-4457-8114-7E589116AA4A}.Ad-Hoc|Any CPU.Deploy.0 = Release|Any CPU
		{8AA5A4F9-4E85-4457-8114-7E589116AA4A}.Ad-Hoc|ARM.ActiveCfg = Release|Any CPU
		{8AA5A4F9-4E85-4457-8114-7E589116AA4A}.Ad-Hoc|ARM.Build.0 = Release|Any CPU
		{8AA5A4F9-4E85-4457-8114-7E589116AA4A}.Ad-Hoc|ARM.Deploy.0 = Release|Any CPU
		{8AA5A4F9-4E85-4457-8114-7E589116AA4A}.Ad-Hoc|iPhone.ActiveCfg = Release|Any CPU
		{8AA5A4F9-4E85-4457-8114-7E589116AA4A}.Ad-Hoc|iPhone.Build.0 = Release|Any CPU
		{8AA5A4F9-4E85-4457-8114-7E589116AA4A}.Ad-Hoc|iPhone.Deploy.0 = Release|Any CPU
		{8AA5A4F9-4E85-4457-8114-7E589116AA4A}.Ad-Hoc|iPhoneSimulator.ActiveCfg = Release|Any CPU
		{8AA5A4F9-4E85-4457-8114-7E589116AA4A}.Ad-Hoc|iPhoneSimulator.Build.0 = Release|Any CPU
		{8AA5A4F9-4E85-4457-8114-7E589116AA4A}.Ad-Hoc|iPhoneSimulator.Deploy.0 = Release|Any CPU
		{8AA5A4F9-4E85-4457-8114-7E589116AA4A}.Ad-Hoc|x64.ActiveCfg = Release|Any CPU
		{8AA5A4F9-4E85-4457-8114-7E589116AA4A}.Ad-Hoc|x64.Build.0 = Release|Any CPU
		{8AA5A4F9-4E85-4457-8114-7E589116AA4A}.Ad-Hoc|x64.Deploy.0 = Release|Any CPU
		{8AA5A4F9-4E85-4457-8114-7E589116AA4A}.Ad-Hoc|x86.ActiveCfg = Release|Any CPU
		{8AA5A4F9-4E85-4457-8114-7E589116AA4A}.Ad-Hoc|x86.Build.0 = Release|Any CPU
		{8AA5A4F9-4E85-4457-8114-7E589116AA4A}.Ad-Hoc|x86.Deploy.0 = Release|Any CPU
		{8AA5A4F9-4E85-4457-8114-7E589116AA4A}.AppStore|Any CPU.ActiveCfg = Release|Any CPU
		{8AA5A4F9-4E85-4457-8114-7E589116AA4A}.AppStore|Any CPU.Build.0 = Release|Any CPU
		{8AA5A4F9-4E85-4457-8114-7E589116AA4A}.AppStore|Any CPU.Deploy.0 = Release|Any CPU
		{8AA5A4F9-4E85-4457-8114-7E589116AA4A}.AppStore|ARM.ActiveCfg = Release|Any CPU
		{8AA5A4F9-4E85-4457-8114-7E589116AA4A}.AppStore|ARM.Build.0 = Release|Any CPU
		{8AA5A4F9-4E85-4457-8114-7E589116AA4A}.AppStore|ARM.Deploy.0 = Release|Any CPU
		{8AA5A4F9-4E85-4457-8114-7E589116AA4A}.AppStore|iPhone.ActiveCfg = Release|Any CPU
		{8AA5A4F9-4E85-4457-8114-7E589116AA4A}.AppStore|iPhone.Build.0 = Release|Any CPU
		{8AA5A4F9-4E85-4457-8114-7E589116AA4A}.AppStore|iPhone.Deploy.0 = Release|Any CPU
		{8AA5A4F9-4E85-4457-8114-7E589116AA4A}.AppStore|iPhoneSimulator.ActiveCfg = Release|Any CPU
		{8AA5A4F9-4E85-4457-8114-7E589116AA4A}.AppStore|iPhoneSimulator.Build.0 = Release|Any CPU
		{8AA5A4F9-4E85-4457-8114-7E589116AA4A}.AppStore|iPhoneSimulator.Deploy.0 = Release|Any CPU
		{8AA5A4F9-4E85-4457-8114-7E589116AA4A}.AppStore|x64.ActiveCfg = Release|Any CPU
		{8AA5A4F9-4E85-4457-8114-7E589116AA4A}.AppStore|x64.Build.0 = Release|Any CPU
		{8AA5A4F9-4E85-4457-8114-7E589116AA4A}.AppStore|x64.Deploy.0 = Release|Any CPU
		{8AA5A4F9-4E85-4457-8114-7E589116AA4A}.AppStore|x86.ActiveCfg = Release|Any CPU
		{8AA5A4F9-4E85-4457-8114-7E589116AA4A}.AppStore|x86.Build.0 = Release|Any CPU
		{8AA5A4F9-4E85-4457-8114-7E589116AA4A}.AppStore|x86.Deploy.0 = Release|Any CPU
		{8AA5A4F9-4E85-4457-8114-7E589116AA4A}.Debug|Any CPU.ActiveCfg = Debug|Any CPU
		{8AA5A4F9-4E85-4457-8114-7E589116AA4A}.Debug|Any CPU.Build.0 = Debug|Any CPU
		{8AA5A4F9-4E85-4457-8114-7E589116AA4A}.Debug|Any CPU.Deploy.0 = Debug|Any CPU
		{8AA5A4F9-4E85-4457-8114-7E589116AA4A}.Debug|ARM.ActiveCfg = Debug|Any CPU
		{8AA5A4F9-4E85-4457-8114-7E589116AA4A}.Debug|ARM.Build.0 = Debug|Any CPU
		{8AA5A4F9-4E85-4457-8114-7E589116AA4A}.Debug|ARM.Deploy.0 = Debug|Any CPU
		{8AA5A4F9-4E85-4457-8114-7E589116AA4A}.Debug|iPhone.ActiveCfg = Debug|Any CPU
		{8AA5A4F9-4E85-4457-8114-7E589116AA4A}.Debug|iPhone.Build.0 = Debug|Any CPU
		{8AA5A4F9-4E85-4457-8114-7E589116AA4A}.Debug|iPhone.Deploy.0 = Debug|Any CPU
		{8AA5A4F9-4E85-4457-8114-7E589116AA4A}.Debug|iPhoneSimulator.ActiveCfg = Debug|Any CPU
		{8AA5A4F9-4E85-4457-8114-7E589116AA4A}.Debug|iPhoneSimulator.Build.0 = Debug|Any CPU
		{8AA5A4F9-4E85-4457-8114-7E589116AA4A}.Debug|iPhoneSimulator.Deploy.0 = Debug|Any CPU
		{8AA5A4F9-4E85-4457-8114-7E589116AA4A}.Debug|x64.ActiveCfg = Debug|Any CPU
		{8AA5A4F9-4E85-4457-8114-7E589116AA4A}.Debug|x64.Build.0 = Debug|Any CPU
		{8AA5A4F9-4E85-4457-8114-7E589116AA4A}.Debug|x64.Deploy.0 = Debug|Any CPU
		{8AA5A4F9-4E85-4457-8114-7E589116AA4A}.Debug|x86.ActiveCfg = Debug|Any CPU
		{8AA5A4F9-4E85-4457-8114-7E589116AA4A}.Debug|x86.Build.0 = Debug|Any CPU
		{8AA5A4F9-4E85-4457-8114-7E589116AA4A}.Debug|x86.Deploy.0 = Debug|Any CPU
		{8AA5A4F9-4E85-4457-8114-7E589116AA4A}.Release|Any CPU.ActiveCfg = Release|Any CPU
		{8AA5A4F9-4E85-4457-8114-7E589116AA4A}.Release|Any CPU.Build.0 = Release|Any CPU
		{8AA5A4F9-4E85-4457-8114-7E589116AA4A}.Release|Any CPU.Deploy.0 = Release|Any CPU
		{8AA5A4F9-4E85-4457-8114-7E589116AA4A}.Release|ARM.ActiveCfg = Release|Any CPU
		{8AA5A4F9-4E85-4457-8114-7E589116AA4A}.Release|ARM.Build.0 = Release|Any CPU
		{8AA5A4F9-4E85-4457-8114-7E589116AA4A}.Release|ARM.Deploy.0 = Release|Any CPU
		{8AA5A4F9-4E85-4457-8114-7E589116AA4A}.Release|iPhone.ActiveCfg = Release|Any CPU
		{8AA5A4F9-4E85-4457-8114-7E589116AA4A}.Release|iPhone.Build.0 = Release|Any CPU
		{8AA5A4F9-4E85-4457-8114-7E589116AA4A}.Release|iPhone.Deploy.0 = Release|Any CPU
		{8AA5A4F9-4E85-4457-8114-7E589116AA4A}.Release|iPhoneSimulator.ActiveCfg = Release|Any CPU
		{8AA5A4F9-4E85-4457-8114-7E589116AA4A}.Release|iPhoneSimulator.Build.0 = Release|Any CPU
		{8AA5A4F9-4E85-4457-8114-7E589116AA4A}.Release|iPhoneSimulator.Deploy.0 = Release|Any CPU
		{8AA5A4F9-4E85-4457-8114-7E589116AA4A}.Release|x64.ActiveCfg = Release|Any CPU
		{8AA5A4F9-4E85-4457-8114-7E589116AA4A}.Release|x64.Build.0 = Release|Any CPU
		{8AA5A4F9-4E85-4457-8114-7E589116AA4A}.Release|x64.Deploy.0 = Release|Any CPU
		{8AA5A4F9-4E85-4457-8114-7E589116AA4A}.Release|x86.ActiveCfg = Release|Any CPU
		{8AA5A4F9-4E85-4457-8114-7E589116AA4A}.Release|x86.Build.0 = Release|Any CPU
		{8AA5A4F9-4E85-4457-8114-7E589116AA4A}.Release|x86.Deploy.0 = Release|Any CPU
		{74058B3E-938C-49AA-A64E-05FC8ECC5D0C}.Ad-Hoc|Any CPU.ActiveCfg = Release|x86
		{74058B3E-938C-49AA-A64E-05FC8ECC5D0C}.Ad-Hoc|Any CPU.Build.0 = Release|x86
		{74058B3E-938C-49AA-A64E-05FC8ECC5D0C}.Ad-Hoc|Any CPU.Deploy.0 = Release|x86
		{74058B3E-938C-49AA-A64E-05FC8ECC5D0C}.Ad-Hoc|ARM.ActiveCfg = Release|ARM
		{74058B3E-938C-49AA-A64E-05FC8ECC5D0C}.Ad-Hoc|ARM.Build.0 = Release|ARM
		{74058B3E-938C-49AA-A64E-05FC8ECC5D0C}.Ad-Hoc|ARM.Deploy.0 = Release|ARM
		{74058B3E-938C-49AA-A64E-05FC8ECC5D0C}.Ad-Hoc|iPhone.ActiveCfg = Release|x86
		{74058B3E-938C-49AA-A64E-05FC8ECC5D0C}.Ad-Hoc|iPhone.Build.0 = Release|x86
		{74058B3E-938C-49AA-A64E-05FC8ECC5D0C}.Ad-Hoc|iPhone.Deploy.0 = Release|x86
		{74058B3E-938C-49AA-A64E-05FC8ECC5D0C}.Ad-Hoc|iPhoneSimulator.ActiveCfg = Release|x86
		{74058B3E-938C-49AA-A64E-05FC8ECC5D0C}.Ad-Hoc|iPhoneSimulator.Build.0 = Release|x86
		{74058B3E-938C-49AA-A64E-05FC8ECC5D0C}.Ad-Hoc|iPhoneSimulator.Deploy.0 = Release|x86
		{74058B3E-938C-49AA-A64E-05FC8ECC5D0C}.Ad-Hoc|x64.ActiveCfg = Release|x64
		{74058B3E-938C-49AA-A64E-05FC8ECC5D0C}.Ad-Hoc|x64.Build.0 = Release|x64
		{74058B3E-938C-49AA-A64E-05FC8ECC5D0C}.Ad-Hoc|x64.Deploy.0 = Release|x64
		{74058B3E-938C-49AA-A64E-05FC8ECC5D0C}.Ad-Hoc|x86.ActiveCfg = Release|x86
		{74058B3E-938C-49AA-A64E-05FC8ECC5D0C}.Ad-Hoc|x86.Build.0 = Release|x86
		{74058B3E-938C-49AA-A64E-05FC8ECC5D0C}.Ad-Hoc|x86.Deploy.0 = Release|x86
		{74058B3E-938C-49AA-A64E-05FC8ECC5D0C}.AppStore|Any CPU.ActiveCfg = Release|x86
		{74058B3E-938C-49AA-A64E-05FC8ECC5D0C}.AppStore|Any CPU.Build.0 = Release|x86
		{74058B3E-938C-49AA-A64E-05FC8ECC5D0C}.AppStore|Any CPU.Deploy.0 = Release|x86
		{74058B3E-938C-49AA-A64E-05FC8ECC5D0C}.AppStore|ARM.ActiveCfg = Release|ARM
		{74058B3E-938C-49AA-A64E-05FC8ECC5D0C}.AppStore|ARM.Build.0 = Release|ARM
		{74058B3E-938C-49AA-A64E-05FC8ECC5D0C}.AppStore|ARM.Deploy.0 = Release|ARM
		{74058B3E-938C-49AA-A64E-05FC8ECC5D0C}.AppStore|iPhone.ActiveCfg = Release|x86
		{74058B3E-938C-49AA-A64E-05FC8ECC5D0C}.AppStore|iPhone.Build.0 = Release|x86
		{74058B3E-938C-49AA-A64E-05FC8ECC5D0C}.AppStore|iPhone.Deploy.0 = Release|x86
		{74058B3E-938C-49AA-A64E-05FC8ECC5D0C}.AppStore|iPhoneSimulator.ActiveCfg = Release|x86
		{74058B3E-938C-49AA-A64E-05FC8ECC5D0C}.AppStore|iPhoneSimulator.Build.0 = Release|x86
		{74058B3E-938C-49AA-A64E-05FC8ECC5D0C}.AppStore|iPhoneSimulator.Deploy.0 = Release|x86
		{74058B3E-938C-49AA-A64E-05FC8ECC5D0C}.AppStore|x64.ActiveCfg = Release|x64
		{74058B3E-938C-49AA-A64E-05FC8ECC5D0C}.AppStore|x64.Build.0 = Release|x64
		{74058B3E-938C-49AA-A64E-05FC8ECC5D0C}.AppStore|x64.Deploy.0 = Release|x64
		{74058B3E-938C-49AA-A64E-05FC8ECC5D0C}.AppStore|x86.ActiveCfg = Release|x86
		{74058B3E-938C-49AA-A64E-05FC8ECC5D0C}.AppStore|x86.Build.0 = Release|x86
		{74058B3E-938C-49AA-A64E-05FC8ECC5D0C}.AppStore|x86.Deploy.0 = Release|x86
		{74058B3E-938C-49AA-A64E-05FC8ECC5D0C}.Debug|Any CPU.ActiveCfg = Debug|x86
		{74058B3E-938C-49AA-A64E-05FC8ECC5D0C}.Debug|Any CPU.Build.0 = Debug|x86
		{74058B3E-938C-49AA-A64E-05FC8ECC5D0C}.Debug|Any CPU.Deploy.0 = Debug|x86
		{74058B3E-938C-49AA-A64E-05FC8ECC5D0C}.Debug|ARM.ActiveCfg = Debug|ARM
		{74058B3E-938C-49AA-A64E-05FC8ECC5D0C}.Debug|ARM.Build.0 = Debug|ARM
		{74058B3E-938C-49AA-A64E-05FC8ECC5D0C}.Debug|ARM.Deploy.0 = Debug|ARM
		{74058B3E-938C-49AA-A64E-05FC8ECC5D0C}.Debug|iPhone.ActiveCfg = Debug|x86
		{74058B3E-938C-49AA-A64E-05FC8ECC5D0C}.Debug|iPhoneSimulator.ActiveCfg = Debug|x86
		{74058B3E-938C-49AA-A64E-05FC8ECC5D0C}.Debug|x64.ActiveCfg = Debug|x64
		{74058B3E-938C-49AA-A64E-05FC8ECC5D0C}.Debug|x64.Build.0 = Debug|x64
		{74058B3E-938C-49AA-A64E-05FC8ECC5D0C}.Debug|x64.Deploy.0 = Debug|x64
		{74058B3E-938C-49AA-A64E-05FC8ECC5D0C}.Debug|x86.ActiveCfg = Debug|x86
		{74058B3E-938C-49AA-A64E-05FC8ECC5D0C}.Debug|x86.Build.0 = Debug|x86
		{74058B3E-938C-49AA-A64E-05FC8ECC5D0C}.Debug|x86.Deploy.0 = Debug|x86
		{74058B3E-938C-49AA-A64E-05FC8ECC5D0C}.Release|Any CPU.ActiveCfg = Release|x86
		{74058B3E-938C-49AA-A64E-05FC8ECC5D0C}.Release|ARM.ActiveCfg = Release|ARM
		{74058B3E-938C-49AA-A64E-05FC8ECC5D0C}.Release|ARM.Build.0 = Release|ARM
		{74058B3E-938C-49AA-A64E-05FC8ECC5D0C}.Release|ARM.Deploy.0 = Release|ARM
		{74058B3E-938C-49AA-A64E-05FC8ECC5D0C}.Release|iPhone.ActiveCfg = Release|x86
		{74058B3E-938C-49AA-A64E-05FC8ECC5D0C}.Release|iPhoneSimulator.ActiveCfg = Release|x86
		{74058B3E-938C-49AA-A64E-05FC8ECC5D0C}.Release|x64.ActiveCfg = Release|x64
		{74058B3E-938C-49AA-A64E-05FC8ECC5D0C}.Release|x64.Build.0 = Release|x64
		{74058B3E-938C-49AA-A64E-05FC8ECC5D0C}.Release|x64.Deploy.0 = Release|x64
		{74058B3E-938C-49AA-A64E-05FC8ECC5D0C}.Release|x86.ActiveCfg = Release|x86
		{74058B3E-938C-49AA-A64E-05FC8ECC5D0C}.Release|x86.Build.0 = Release|x86
		{74058B3E-938C-49AA-A64E-05FC8ECC5D0C}.Release|x86.Deploy.0 = Release|x86
		{C3264FA7-E6DC-4F9B-ABD9-B8AFEB4D8906}.Ad-Hoc|Any CPU.ActiveCfg = Release|Any CPU
		{C3264FA7-E6DC-4F9B-ABD9-B8AFEB4D8906}.Ad-Hoc|Any CPU.Build.0 = Release|Any CPU
		{C3264FA7-E6DC-4F9B-ABD9-B8AFEB4D8906}.Ad-Hoc|ARM.ActiveCfg = Release|Any CPU
		{C3264FA7-E6DC-4F9B-ABD9-B8AFEB4D8906}.Ad-Hoc|ARM.Build.0 = Release|Any CPU
		{C3264FA7-E6DC-4F9B-ABD9-B8AFEB4D8906}.Ad-Hoc|iPhone.ActiveCfg = Release|Any CPU
		{C3264FA7-E6DC-4F9B-ABD9-B8AFEB4D8906}.Ad-Hoc|iPhone.Build.0 = Release|Any CPU
		{C3264FA7-E6DC-4F9B-ABD9-B8AFEB4D8906}.Ad-Hoc|iPhoneSimulator.ActiveCfg = Release|Any CPU
		{C3264FA7-E6DC-4F9B-ABD9-B8AFEB4D8906}.Ad-Hoc|iPhoneSimulator.Build.0 = Release|Any CPU
		{C3264FA7-E6DC-4F9B-ABD9-B8AFEB4D8906}.Ad-Hoc|x64.ActiveCfg = Release|Any CPU
		{C3264FA7-E6DC-4F9B-ABD9-B8AFEB4D8906}.Ad-Hoc|x64.Build.0 = Release|Any CPU
		{C3264FA7-E6DC-4F9B-ABD9-B8AFEB4D8906}.Ad-Hoc|x86.ActiveCfg = Release|Any CPU
		{C3264FA7-E6DC-4F9B-ABD9-B8AFEB4D8906}.Ad-Hoc|x86.Build.0 = Release|Any CPU
		{C3264FA7-E6DC-4F9B-ABD9-B8AFEB4D8906}.AppStore|Any CPU.ActiveCfg = Release|Any CPU
		{C3264FA7-E6DC-4F9B-ABD9-B8AFEB4D8906}.AppStore|Any CPU.Build.0 = Release|Any CPU
		{C3264FA7-E6DC-4F9B-ABD9-B8AFEB4D8906}.AppStore|ARM.ActiveCfg = Release|Any CPU
		{C3264FA7-E6DC-4F9B-ABD9-B8AFEB4D8906}.AppStore|ARM.Build.0 = Release|Any CPU
		{C3264FA7-E6DC-4F9B-ABD9-B8AFEB4D8906}.AppStore|iPhone.ActiveCfg = Release|Any CPU
		{C3264FA7-E6DC-4F9B-ABD9-B8AFEB4D8906}.AppStore|iPhone.Build.0 = Release|Any CPU
		{C3264FA7-E6DC-4F9B-ABD9-B8AFEB4D8906}.AppStore|iPhoneSimulator.ActiveCfg = Release|Any CPU
		{C3264FA7-E6DC-4F9B-ABD9-B8AFEB4D8906}.AppStore|iPhoneSimulator.Build.0 = Release|Any CPU
		{C3264FA7-E6DC-4F9B-ABD9-B8AFEB4D8906}.AppStore|x64.ActiveCfg = Release|Any CPU
		{C3264FA7-E6DC-4F9B-ABD9-B8AFEB4D8906}.AppStore|x64.Build.0 = Release|Any CPU
		{C3264FA7-E6DC-4F9B-ABD9-B8AFEB4D8906}.AppStore|x86.ActiveCfg = Release|Any CPU
		{C3264FA7-E6DC-4F9B-ABD9-B8AFEB4D8906}.AppStore|x86.Build.0 = Release|Any CPU
		{C3264FA7-E6DC-4F9B-ABD9-B8AFEB4D8906}.Debug|Any CPU.ActiveCfg = Debug|Any CPU
		{C3264FA7-E6DC-4F9B-ABD9-B8AFEB4D8906}.Debug|Any CPU.Build.0 = Debug|Any CPU
		{C3264FA7-E6DC-4F9B-ABD9-B8AFEB4D8906}.Debug|ARM.ActiveCfg = Debug|Any CPU
		{C3264FA7-E6DC-4F9B-ABD9-B8AFEB4D8906}.Debug|ARM.Build.0 = Debug|Any CPU
		{C3264FA7-E6DC-4F9B-ABD9-B8AFEB4D8906}.Debug|iPhone.ActiveCfg = Debug|Any CPU
		{C3264FA7-E6DC-4F9B-ABD9-B8AFEB4D8906}.Debug|iPhone.Build.0 = Debug|Any CPU
		{C3264FA7-E6DC-4F9B-ABD9-B8AFEB4D8906}.Debug|iPhoneSimulator.ActiveCfg = Debug|Any CPU
		{C3264FA7-E6DC-4F9B-ABD9-B8AFEB4D8906}.Debug|iPhoneSimulator.Build.0 = Debug|Any CPU
		{C3264FA7-E6DC-4F9B-ABD9-B8AFEB4D8906}.Debug|x64.ActiveCfg = Debug|Any CPU
		{C3264FA7-E6DC-4F9B-ABD9-B8AFEB4D8906}.Debug|x64.Build.0 = Debug|Any CPU
		{C3264FA7-E6DC-4F9B-ABD9-B8AFEB4D8906}.Debug|x86.ActiveCfg = Debug|Any CPU
		{C3264FA7-E6DC-4F9B-ABD9-B8AFEB4D8906}.Debug|x86.Build.0 = Debug|Any CPU
		{C3264FA7-E6DC-4F9B-ABD9-B8AFEB4D8906}.Release|Any CPU.ActiveCfg = Release|Any CPU
		{C3264FA7-E6DC-4F9B-ABD9-B8AFEB4D8906}.Release|Any CPU.Build.0 = Release|Any CPU
		{C3264FA7-E6DC-4F9B-ABD9-B8AFEB4D8906}.Release|ARM.ActiveCfg = Release|Any CPU
		{C3264FA7-E6DC-4F9B-ABD9-B8AFEB4D8906}.Release|ARM.Build.0 = Release|Any CPU
		{C3264FA7-E6DC-4F9B-ABD9-B8AFEB4D8906}.Release|iPhone.ActiveCfg = Release|Any CPU
		{C3264FA7-E6DC-4F9B-ABD9-B8AFEB4D8906}.Release|iPhone.Build.0 = Release|Any CPU
		{C3264FA7-E6DC-4F9B-ABD9-B8AFEB4D8906}.Release|iPhoneSimulator.ActiveCfg = Release|Any CPU
		{C3264FA7-E6DC-4F9B-ABD9-B8AFEB4D8906}.Release|iPhoneSimulator.Build.0 = Release|Any CPU
		{C3264FA7-E6DC-4F9B-ABD9-B8AFEB4D8906}.Release|x64.ActiveCfg = Release|Any CPU
		{C3264FA7-E6DC-4F9B-ABD9-B8AFEB4D8906}.Release|x64.Build.0 = Release|Any CPU
		{C3264FA7-E6DC-4F9B-ABD9-B8AFEB4D8906}.Release|x86.ActiveCfg = Release|Any CPU
		{C3264FA7-E6DC-4F9B-ABD9-B8AFEB4D8906}.Release|x86.Build.0 = Release|Any CPU
		{12F57E3A-6AC5-4B88-B19A-252F200E6CCC}.Ad-Hoc|Any CPU.ActiveCfg = Debug|iPhoneSimulator
		{12F57E3A-6AC5-4B88-B19A-252F200E6CCC}.Ad-Hoc|Any CPU.Build.0 = Debug|iPhoneSimulator
		{12F57E3A-6AC5-4B88-B19A-252F200E6CCC}.Ad-Hoc|ARM.ActiveCfg = Debug|iPhoneSimulator
		{12F57E3A-6AC5-4B88-B19A-252F200E6CCC}.Ad-Hoc|ARM.Build.0 = Debug|iPhoneSimulator
		{12F57E3A-6AC5-4B88-B19A-252F200E6CCC}.Ad-Hoc|iPhone.ActiveCfg = Release|iPhone
		{12F57E3A-6AC5-4B88-B19A-252F200E6CCC}.Ad-Hoc|iPhone.Build.0 = Release|iPhone
		{12F57E3A-6AC5-4B88-B19A-252F200E6CCC}.Ad-Hoc|iPhoneSimulator.ActiveCfg = Debug|iPhoneSimulator
		{12F57E3A-6AC5-4B88-B19A-252F200E6CCC}.Ad-Hoc|iPhoneSimulator.Build.0 = Debug|iPhoneSimulator
		{12F57E3A-6AC5-4B88-B19A-252F200E6CCC}.Ad-Hoc|x64.ActiveCfg = Debug|iPhoneSimulator
		{12F57E3A-6AC5-4B88-B19A-252F200E6CCC}.Ad-Hoc|x64.Build.0 = Debug|iPhoneSimulator
		{12F57E3A-6AC5-4B88-B19A-252F200E6CCC}.Ad-Hoc|x86.ActiveCfg = Debug|iPhoneSimulator
		{12F57E3A-6AC5-4B88-B19A-252F200E6CCC}.Ad-Hoc|x86.Build.0 = Debug|iPhoneSimulator
		{12F57E3A-6AC5-4B88-B19A-252F200E6CCC}.AppStore|Any CPU.ActiveCfg = Debug|iPhoneSimulator
		{12F57E3A-6AC5-4B88-B19A-252F200E6CCC}.AppStore|Any CPU.Build.0 = Debug|iPhoneSimulator
		{12F57E3A-6AC5-4B88-B19A-252F200E6CCC}.AppStore|ARM.ActiveCfg = Debug|iPhoneSimulator
		{12F57E3A-6AC5-4B88-B19A-252F200E6CCC}.AppStore|ARM.Build.0 = Debug|iPhoneSimulator
		{12F57E3A-6AC5-4B88-B19A-252F200E6CCC}.AppStore|iPhone.ActiveCfg = Release|iPhone
		{12F57E3A-6AC5-4B88-B19A-252F200E6CCC}.AppStore|iPhone.Build.0 = Release|iPhone
		{12F57E3A-6AC5-4B88-B19A-252F200E6CCC}.AppStore|iPhoneSimulator.ActiveCfg = Debug|iPhoneSimulator
		{12F57E3A-6AC5-4B88-B19A-252F200E6CCC}.AppStore|iPhoneSimulator.Build.0 = Debug|iPhoneSimulator
		{12F57E3A-6AC5-4B88-B19A-252F200E6CCC}.AppStore|x64.ActiveCfg = Debug|iPhoneSimulator
		{12F57E3A-6AC5-4B88-B19A-252F200E6CCC}.AppStore|x64.Build.0 = Debug|iPhoneSimulator
		{12F57E3A-6AC5-4B88-B19A-252F200E6CCC}.AppStore|x86.ActiveCfg = Debug|iPhoneSimulator
		{12F57E3A-6AC5-4B88-B19A-252F200E6CCC}.AppStore|x86.Build.0 = Debug|iPhoneSimulator
		{12F57E3A-6AC5-4B88-B19A-252F200E6CCC}.Debug|Any CPU.ActiveCfg = Debug|iPhoneSimulator
		{12F57E3A-6AC5-4B88-B19A-252F200E6CCC}.Debug|Any CPU.Build.0 = Debug|iPhoneSimulator
		{12F57E3A-6AC5-4B88-B19A-252F200E6CCC}.Debug|ARM.ActiveCfg = Debug|iPhoneSimulator
		{12F57E3A-6AC5-4B88-B19A-252F200E6CCC}.Debug|ARM.Build.0 = Debug|iPhoneSimulator
		{12F57E3A-6AC5-4B88-B19A-252F200E6CCC}.Debug|iPhone.ActiveCfg = Debug|iPhone
		{12F57E3A-6AC5-4B88-B19A-252F200E6CCC}.Debug|iPhone.Build.0 = Debug|iPhone
		{12F57E3A-6AC5-4B88-B19A-252F200E6CCC}.Debug|iPhoneSimulator.ActiveCfg = Debug|iPhoneSimulator
		{12F57E3A-6AC5-4B88-B19A-252F200E6CCC}.Debug|iPhoneSimulator.Build.0 = Debug|iPhoneSimulator
		{12F57E3A-6AC5-4B88-B19A-252F200E6CCC}.Debug|x64.ActiveCfg = Debug|iPhoneSimulator
		{12F57E3A-6AC5-4B88-B19A-252F200E6CCC}.Debug|x64.Build.0 = Debug|iPhoneSimulator
		{12F57E3A-6AC5-4B88-B19A-252F200E6CCC}.Debug|x86.ActiveCfg = Debug|iPhoneSimulator
		{12F57E3A-6AC5-4B88-B19A-252F200E6CCC}.Debug|x86.Build.0 = Debug|iPhoneSimulator
		{12F57E3A-6AC5-4B88-B19A-252F200E6CCC}.Release|Any CPU.ActiveCfg = Release|iPhone
		{12F57E3A-6AC5-4B88-B19A-252F200E6CCC}.Release|Any CPU.Build.0 = Release|iPhone
		{12F57E3A-6AC5-4B88-B19A-252F200E6CCC}.Release|ARM.ActiveCfg = Release|iPhone
		{12F57E3A-6AC5-4B88-B19A-252F200E6CCC}.Release|ARM.Build.0 = Release|iPhone
		{12F57E3A-6AC5-4B88-B19A-252F200E6CCC}.Release|iPhone.ActiveCfg = Release|iPhone
		{12F57E3A-6AC5-4B88-B19A-252F200E6CCC}.Release|iPhone.Build.0 = Release|iPhone
		{12F57E3A-6AC5-4B88-B19A-252F200E6CCC}.Release|iPhoneSimulator.ActiveCfg = Release|iPhoneSimulator
		{12F57E3A-6AC5-4B88-B19A-252F200E6CCC}.Release|iPhoneSimulator.Build.0 = Release|iPhoneSimulator
		{12F57E3A-6AC5-4B88-B19A-252F200E6CCC}.Release|x64.ActiveCfg = Release|iPhone
		{12F57E3A-6AC5-4B88-B19A-252F200E6CCC}.Release|x64.Build.0 = Release|iPhone
		{12F57E3A-6AC5-4B88-B19A-252F200E6CCC}.Release|x86.ActiveCfg = Release|iPhone
		{12F57E3A-6AC5-4B88-B19A-252F200E6CCC}.Release|x86.Build.0 = Release|iPhone
	EndGlobalSection
	GlobalSection(SolutionProperties) = preSolution
		HideSolutionNode = FALSE
	EndGlobalSection
EndGlobal
